
Microsoft Visual Studio Solution File, Format Version 12.00
# Visual Studio Version 17
VisualStudioVersion = 17.14.36623.8 d17.14
MinimumVisualStudioVersion = 10.0.40219.1
Project("{FAE04EC0-301F-11D3-BF4B-00C04F79EFBC}") = "FlowDesk", "FlowDesk.csproj", "{ACB3BF15-1EB3-4740-9AA7-702A4E7E776A}"
EndProject
Global
	GlobalSection(SolutionConfigurationPlatforms) = preSolution
		Debug|Any CPU = Debug|Any CPU
		Release|Any CPU = Release|Any CPU
	EndGlobalSection
	GlobalSection(ProjectConfigurationPlatforms) = postSolution
		{ACB3BF15-1EB3-4740-9AA7-702A4E7E776A}.Debug|Any CPU.ActiveCfg = Debug|Any CPU
		{ACB3BF15-1EB3-4740-9AA7-702A4E7E776A}.Debug|Any CPU.Build.0 = Debug|Any CPU
		{ACB3BF15-1EB3-4740-9AA7-702A4E7E776A}.Release|Any CPU.ActiveCfg = Release|Any CPU
		{ACB3BF15-1EB3-4740-9AA7-702A4E7E776A}.Release|Any CPU.Build.0 = Release|Any CPU
	EndGlobalSection
	GlobalSection(SolutionProperties) = preSolution
		HideSolutionNode = FALSE
	EndGlobalSection
	GlobalSection(ExtensibilityGlobals) = postSolution
		SolutionGuid = {B0822761-4413-4ADA-9B6D-0FF3878B4674}
	EndGlobalSection
EndGlobal
